
Microsoft Visual Studio Solution File, Format Version 12.00
# Visual Studio Version 16
VisualStudioVersion = 16.0.29613.14
MinimumVisualStudioVersion = 10.0.40219.1
Project("{FAE04EC0-301F-11D3-BF4B-00C04F79EFBC}") = "ExemploSignalR", "ExemploSignalR.csproj", "{1C6C5ED4-920C-43E3-AB1A-9401A9263DEB}"
EndProject
Global
	GlobalSection(SolutionConfigurationPlatforms) = preSolution
		Debug|Any CPU = Debug|Any CPU
		Release|Any CPU = Release|Any CPU
	EndGlobalSection
	GlobalSection(ProjectConfigurationPlatforms) = postSolution
		{1C6C5ED4-920C-43E3-AB1A-9401A9263DEB}.Debug|Any CPU.ActiveCfg = Debug|Any CPU
		{1C6C5ED4-920C-43E3-AB1A-9401A9263DEB}.Debug|Any CPU.Build.0 = Debug|Any CPU
		{1C6C5ED4-920C-43E3-AB1A-9401A9263DEB}.Release|Any CPU.ActiveCfg = Release|Any CPU
		{1C6C5ED4-920C-43E3-AB1A-9401A9263DEB}.Release|Any CPU.Build.0 = Release|Any CPU
	EndGlobalSection
	GlobalSection(SolutionProperties) = preSolution
		HideSolutionNode = FALSE
	EndGlobalSection
	GlobalSection(ExtensibilityGlobals) = postSolution
		SolutionGuid = {2F1E28C1-D740-4F69-989C-A208C6E3BFBE}
	EndGlobalSection
EndGlobal
