
Microsoft Visual Studio Solution File, Format Version 12.00
# Visual Studio Version 16
VisualStudioVersion = 16.0.29613.14
MinimumVisualStudioVersion = 10.0.40219.1
Project("{FAE04EC0-301F-11D3-BF4B-00C04F79EFBC}") = "ExemploServicoRest", "ExemploServicoRest.csproj", "{58F8A972-E75E-4766-BC51-EA52036F19F2}"
EndProject
Project("{FAE04EC0-301F-11D3-BF4B-00C04F79EFBC}") = "ClientRestWindows", "..\ClientRestWindows\ClientRestWindows.csproj", "{3447CA51-2136-45FB-893C-4FA54876EDF4}"
EndProject
Global
	GlobalSection(SolutionConfigurationPlatforms) = preSolution
		Debug|Any CPU = Debug|Any CPU
		Release|Any CPU = Release|Any CPU
	EndGlobalSection
	GlobalSection(ProjectConfigurationPlatforms) = postSolution
		{58F8A972-E75E-4766-BC51-EA52036F19F2}.Debug|Any CPU.ActiveCfg = Debug|Any CPU
		{58F8A972-E75E-4766-BC51-EA52036F19F2}.Debug|Any CPU.Build.0 = Debug|Any CPU
		{58F8A972-E75E-4766-BC51-EA52036F19F2}.Release|Any CPU.ActiveCfg = Release|Any CPU
		{58F8A972-E75E-4766-BC51-EA52036F19F2}.Release|Any CPU.Build.0 = Release|Any CPU
		{3447CA51-2136-45FB-893C-4FA54876EDF4}.Debug|Any CPU.ActiveCfg = Debug|Any CPU
		{3447CA51-2136-45FB-893C-4FA54876EDF4}.Debug|Any CPU.Build.0 = Debug|Any CPU
		{3447CA51-2136-45FB-893C-4FA54876EDF4}.Release|Any CPU.ActiveCfg = Release|Any CPU
		{3447CA51-2136-45FB-893C-4FA54876EDF4}.Release|Any CPU.Build.0 = Release|Any CPU
	EndGlobalSection
	GlobalSection(SolutionProperties) = preSolution
		HideSolutionNode = FALSE
	EndGlobalSection
	GlobalSection(ExtensibilityGlobals) = postSolution
		SolutionGuid = {34D4DACA-F943-4DF0-A57D-65A8B52FB50F}
	EndGlobalSection
EndGlobal
