
Microsoft Visual Studio Solution File, Format Version 12.00
# Visual Studio Version 16
VisualStudioVersion = 16.0.29613.14
MinimumVisualStudioVersion = 10.0.40219.1
Project("{9A19103F-16F7-4668-BE54-9A1E7A4F7556}") = "LojaNet.Models", "..\LojaNet.Models\LojaNet.Models.csproj", "{0198C44F-0943-4D04-B084-7FDA95B3578D}"
EndProject
Project("{FAE04EC0-301F-11D3-BF4B-00C04F79EFBC}") = "LojaNet.DAL", "..\LojaNet.DAL\LojaNet.DAL.csproj", "{A1365173-1FF2-42F0-933E-685AA490FF19}"
EndProject
Project("{FAE04EC0-301F-11D3-BF4B-00C04F79EFBC}") = "LojaNet.BLL", "..\LojaNet.BLL\LojaNet.BLL.csproj", "{18A5A090-A6D5-4987-BB3E-C9C2DD22E7DD}"
EndProject
Project("{FAE04EC0-301F-11D3-BF4B-00C04F79EFBC}") = "LojaNet.UI.Web", "..\LojaNet.UI.Web\LojaNet.UI.Web.csproj", "{6DB3BBC9-F0FD-4E21-83B3-F3FF99CA27D9}"
EndProject
Global
	GlobalSection(SolutionConfigurationPlatforms) = preSolution
		Debug|Any CPU = Debug|Any CPU
		Release|Any CPU = Release|Any CPU
	EndGlobalSection
	GlobalSection(ProjectConfigurationPlatforms) = postSolution
		{0198C44F-0943-4D04-B084-7FDA95B3578D}.Debug|Any CPU.ActiveCfg = Debug|Any CPU
		{0198C44F-0943-4D04-B084-7FDA95B3578D}.Debug|Any CPU.Build.0 = Debug|Any CPU
		{0198C44F-0943-4D04-B084-7FDA95B3578D}.Release|Any CPU.ActiveCfg = Release|Any CPU
		{0198C44F-0943-4D04-B084-7FDA95B3578D}.Release|Any CPU.Build.0 = Release|Any CPU
		{A1365173-1FF2-42F0-933E-685AA490FF19}.Debug|Any CPU.ActiveCfg = Debug|Any CPU
		{A1365173-1FF2-42F0-933E-685AA490FF19}.Debug|Any CPU.Build.0 = Debug|Any CPU
		{A1365173-1FF2-42F0-933E-685AA490FF19}.Release|Any CPU.ActiveCfg = Release|Any CPU
		{A1365173-1FF2-42F0-933E-685AA490FF19}.Release|Any CPU.Build.0 = Release|Any CPU
		{18A5A090-A6D5-4987-BB3E-C9C2DD22E7DD}.Debug|Any CPU.ActiveCfg = Debug|Any CPU
		{18A5A090-A6D5-4987-BB3E-C9C2DD22E7DD}.Debug|Any CPU.Build.0 = Debug|Any CPU
		{18A5A090-A6D5-4987-BB3E-C9C2DD22E7DD}.Release|Any CPU.ActiveCfg = Release|Any CPU
		{18A5A090-A6D5-4987-BB3E-C9C2DD22E7DD}.Release|Any CPU.Build.0 = Release|Any CPU
		{6DB3BBC9-F0FD-4E21-83B3-F3FF99CA27D9}.Debug|Any CPU.ActiveCfg = Debug|Any CPU
		{6DB3BBC9-F0FD-4E21-83B3-F3FF99CA27D9}.Debug|Any CPU.Build.0 = Debug|Any CPU
		{6DB3BBC9-F0FD-4E21-83B3-F3FF99CA27D9}.Release|Any CPU.ActiveCfg = Release|Any CPU
		{6DB3BBC9-F0FD-4E21-83B3-F3FF99CA27D9}.Release|Any CPU.Build.0 = Release|Any CPU
	EndGlobalSection
	GlobalSection(SolutionProperties) = preSolution
		HideSolutionNode = FALSE
	EndGlobalSection
	GlobalSection(ExtensibilityGlobals) = postSolution
		SolutionGuid = {4DFA6BF5-B3ED-4F1B-BB8C-F5D65AFD3E1F}
	EndGlobalSection
EndGlobal
